// !$*UTF8*$!
{
	archiveVersion = 1;
	classes = {
	};
	objectVersion = 46;
	objects = {

/* Begin PBXBuildFile section */
		18070DE81578598C003486E3 /* ActionItem.m in Sources */ = {isa = PBXBuildFile; fileRef = 18070DE71578598C003486E3 /* ActionItem.m */; };
		18070DEC15785C42003486E3 /* EntrySummaryTableViewCell.m in Sources */ = {isa = PBXBuildFile; fileRef = 18070DEB15785C42003486E3 /* EntrySummaryTableViewCell.m */; };
		18070DF015785FB2003486E3 /* IdentityFillter.m in Sources */ = {isa = PBXBuildFile; fileRef = 18070DEF15785FB2003486E3 /* IdentityFillter.m */; };
		18070DF41578613F003486E3 /* KeyPointFilter.m in Sources */ = {isa = PBXBuildFile; fileRef = 18070DF31578613F003486E3 /* KeyPointFilter.m */; };
		18070DF7157861CA003486E3 /* ActionItemFilter.m in Sources */ = {isa = PBXBuildFile; fileRef = 18070DF6157861CA003486E3 /* ActionItemFilter.m */; };
		18070DFA157861D9003486E3 /* ActionItemCompleteFilter.m in Sources */ = {isa = PBXBuildFile; fileRef = 18070DF9157861D9003486E3 /* ActionItemCompleteFilter.m */; };
		18070DFD157861E6003486E3 /* ActionItemInCompleteFilter.m in Sources */ = {isa = PBXBuildFile; fileRef = 18070DFC157861E6003486E3 /* ActionItemInCompleteFilter.m */; };
		18070E00157861F6003486E3 /* QuestionFilter.m in Sources */ = {isa = PBXBuildFile; fileRef = 18070DFF157861F6003486E3 /* QuestionFilter.m */; };
		18070E031578620A003486E3 /* QuestionUnansweredFilter.m in Sources */ = {isa = PBXBuildFile; fileRef = 18070E021578620A003486E3 /* QuestionUnansweredFilter.m */; };
		18070E0615786218003486E3 /* QuestionAnsweredFilter.m in Sources */ = {isa = PBXBuildFile; fileRef = 18070E0515786218003486E3 /* QuestionAnsweredFilter.m */; };
		18070E091578623E003486E3 /* DecisionFilter.m in Sources */ = {isa = PBXBuildFile; fileRef = 18070E081578623D003486E3 /* DecisionFilter.m */; };
		1810692E15637A6A0018B03B /* BNoteReader.m in Sources */ = {isa = PBXBuildFile; fileRef = 1810692D15637A6A0018B03B /* BNoteReader.m */; };
		1810693815638E9E0018B03B /* BNoteWriter.m in Sources */ = {isa = PBXBuildFile; fileRef = 1810693715638E9E0018B03B /* BNoteWriter.m */; };
		181967C21569E50100DA31A3 /* EntrySummariesTableViewController.m in Sources */ = {isa = PBXBuildFile; fileRef = 181967C01569E50100DA31A3 /* EntrySummariesTableViewController.m */; };
		181968481569FB0700DA31A3 /* NoteEditorViewController.m in Sources */ = {isa = PBXBuildFile; fileRef = 181968461569FB0700DA31A3 /* NoteEditorViewController.m */; };
		181968491569FB0700DA31A3 /* NoteEditorViewController.xib in Resources */ = {isa = PBXBuildFile; fileRef = 181968471569FB0700DA31A3 /* NoteEditorViewController.xib */; };
		1819684D156A0AB200DA31A3 /* NoteViewController.m in Sources */ = {isa = PBXBuildFile; fileRef = 1819684B156A0AB200DA31A3 /* NoteViewController.m */; };
		1819684E156A0AB200DA31A3 /* NoteViewController.xib in Resources */ = {isa = PBXBuildFile; fileRef = 1819684C156A0AB200DA31A3 /* NoteViewController.xib */; };
		1834D33C15634A650065788F /* UIKit.framework in Frameworks */ = {isa = PBXBuildFile; fileRef = 1834D33B15634A650065788F /* UIKit.framework */; };
		1834D33E15634A650065788F /* Foundation.framework in Frameworks */ = {isa = PBXBuildFile; fileRef = 1834D33D15634A650065788F /* Foundation.framework */; };
		1834D34015634A650065788F /* CoreGraphics.framework in Frameworks */ = {isa = PBXBuildFile; fileRef = 1834D33F15634A650065788F /* CoreGraphics.framework */; };
		1834D34615634A650065788F /* InfoPlist.strings in Resources */ = {isa = PBXBuildFile; fileRef = 1834D34415634A650065788F /* InfoPlist.strings */; };
		1834D34815634A650065788F /* main.m in Sources */ = {isa = PBXBuildFile; fileRef = 1834D34715634A650065788F /* main.m */; };
		1834D34C15634A650065788F /* AppDelegate.m in Sources */ = {isa = PBXBuildFile; fileRef = 1834D34B15634A650065788F /* AppDelegate.m */; };
		1834D34F15634A650065788F /* MasterViewController.m in Sources */ = {isa = PBXBuildFile; fileRef = 1834D34E15634A650065788F /* MasterViewController.m */; };
		1834D35215634A650065788F /* DetailViewController.m in Sources */ = {isa = PBXBuildFile; fileRef = 1834D35115634A650065788F /* DetailViewController.m */; };
		1834D35515634A650065788F /* MasterViewController.xib in Resources */ = {isa = PBXBuildFile; fileRef = 1834D35315634A650065788F /* MasterViewController.xib */; };
		1834D35815634A650065788F /* DetailViewController.xib in Resources */ = {isa = PBXBuildFile; fileRef = 1834D35615634A650065788F /* DetailViewController.xib */; };
		1834D35F15634AA60065788F /* CoreData.framework in Frameworks */ = {isa = PBXBuildFile; fileRef = 1834D35E15634AA60065788F /* CoreData.framework */; };
		1834D37E156351640065788F /* TopicEditorViewController.m in Sources */ = {isa = PBXBuildFile; fileRef = 1834D37C156351640065788F /* TopicEditorViewController.m */; };
		1834D383156364840065788F /* TopicEditorViewController.xib in Resources */ = {isa = PBXBuildFile; fileRef = 1834D382156364840065788F /* TopicEditorViewController.xib */; };
		1834D397156372500065788F /* BNote.xcdatamodeld in Sources */ = {isa = PBXBuildFile; fileRef = 1834D395156372500065788F /* BNote.xcdatamodeld */; };
		1834D3A7156375560065788F /* BNoteFactory.m in Sources */ = {isa = PBXBuildFile; fileRef = 1834D3A6156375560065788F /* BNoteFactory.m */; };
		18368F371564DBF200E511CB /* ButtonMetaData.m in Sources */ = {isa = PBXBuildFile; fileRef = 18368F361564DBF200E511CB /* ButtonMetaData.m */; };
		1879F05A15746E9A003814C2 /* DatePickerViewController.m in Sources */ = {isa = PBXBuildFile; fileRef = 1879F05815746E9A003814C2 /* DatePickerViewController.m */; };
		1879F05B15746E9A003814C2 /* DatePickerViewController.xib in Resources */ = {isa = PBXBuildFile; fileRef = 1879F05915746E9A003814C2 /* DatePickerViewController.xib */; };
		1879F06015747B18003814C2 /* QuickWordsViewController.m in Sources */ = {isa = PBXBuildFile; fileRef = 1879F05E15747B18003814C2 /* QuickWordsViewController.m */; };
		1879F06115747B18003814C2 /* QuickWordsViewController.xib in Resources */ = {isa = PBXBuildFile; fileRef = 1879F05F15747B18003814C2 /* QuickWordsViewController.xib */; };
		1879F06C1574B1BD003814C2 /* QuickWordButton.m in Sources */ = {isa = PBXBuildFile; fileRef = 1879F06B1574B1BD003814C2 /* QuickWordButton.m */; };
		1879F0721574BEE9003814C2 /* QuickWordsFactory.m in Sources */ = {isa = PBXBuildFile; fileRef = 1879F0711574BEE9003814C2 /* QuickWordsFactory.m */; };
		1879F0781574CA12003814C2 /* DateQuickButton.m in Sources */ = {isa = PBXBuildFile; fileRef = 1879F0771574CA12003814C2 /* DateQuickButton.m */; };
		1879F09C1575C85A003814C2 /* ActionItemQuickButton.m in Sources */ = {isa = PBXBuildFile; fileRef = 1879F09B1575C85A003814C2 /* ActionItemQuickButton.m */; };
		1879F0A01575CA37003814C2 /* ActionItemMarkDone.m in Sources */ = {isa = PBXBuildFile; fileRef = 1879F09F1575CA37003814C2 /* ActionItemMarkDone.m */; };
		1879F0ED1575CF37003814C2 /* Topic.m in Sources */ = {isa = PBXBuildFile; fileRef = 1879F0EC1575CF37003814C2 /* Topic.m */; };
		1879F0F01575CF37003814C2 /* Entry.m in Sources */ = {isa = PBXBuildFile; fileRef = 1879F0EF1575CF37003814C2 /* Entry.m */; };
		1879F0F31575CF37003814C2 /* KeyPoint.m in Sources */ = {isa = PBXBuildFile; fileRef = 1879F0F21575CF37003814C2 /* KeyPoint.m */; };
		1879F0F91575CF37003814C2 /* Decision.m in Sources */ = {isa = PBXBuildFile; fileRef = 1879F0F81575CF37003814C2 /* Decision.m */; };
		1879F0FC1575CF37003814C2 /* Email.m in Sources */ = {isa = PBXBuildFile; fileRef = 1879F0FB1575CF37003814C2 /* Email.m */; };
		1879F0FF1575CF38003814C2 /* Attendant.m in Sources */ = {isa = PBXBuildFile; fileRef = 1879F0FE1575CF38003814C2 /* Attendant.m */; };
		1879F1021575CF38003814C2 /* Note.m in Sources */ = {isa = PBXBuildFile; fileRef = 1879F1011575CF38003814C2 /* Note.m */; };
		1879F1051575CF38003814C2 /* Phone.m in Sources */ = {isa = PBXBuildFile; fileRef = 1879F1041575CF38003814C2 /* Phone.m */; };
		1879F1081575CF38003814C2 /* Question.m in Sources */ = {isa = PBXBuildFile; fileRef = 1879F1071575CF38003814C2 /* Question.m */; };
		1879F10B1575D803003814C2 /* QuestionQuickButton.m in Sources */ = {isa = PBXBuildFile; fileRef = 1879F10A1575D802003814C2 /* QuestionQuickButton.m */; };
		18810E5F15770159002B59DA /* EntriesViewController.m in Sources */ = {isa = PBXBuildFile; fileRef = 18810E5E15770159002B59DA /* EntriesViewController.m */; };
		18810E6815770E5C002B59DA /* EntryTableViewCell.m in Sources */ = {isa = PBXBuildFile; fileRef = 18810E6715770E5C002B59DA /* EntryTableViewCell.m */; };
		18A1DE5F1575F96A004A2022 /* AttendantQuickButton.m in Sources */ = {isa = PBXBuildFile; fileRef = 18A1DE5E1575F96A004A2022 /* AttendantQuickButton.m */; };
		18A1DE621576027F004A2022 /* KeyPointButton.m in Sources */ = {isa = PBXBuildFile; fileRef = 18A1DE611576027E004A2022 /* KeyPointButton.m */; };
		18E9FF11156A343700F22272 /* LayerFormater.m in Sources */ = {isa = PBXBuildFile; fileRef = 18E9FF10156A343700F22272 /* LayerFormater.m */; };
		18E9FF1D156B772D00F22272 /* action_item_active_icon.png in Resources */ = {isa = PBXBuildFile; fileRef = 18E9FF15156B772D00F22272 /* action_item_active_icon.png */; };
		18E9FF1E156B772D00F22272 /* action_item_icon.png in Resources */ = {isa = PBXBuildFile; fileRef = 18E9FF16156B772D00F22272 /* action_item_icon.png */; };
		18E9FF1F156B772D00F22272 /* attendees_active_icon.png in Resources */ = {isa = PBXBuildFile; fileRef = 18E9FF17156B772D00F22272 /* attendees_active_icon.png */; };
		18E9FF20156B772D00F22272 /* attendees_icon.png in Resources */ = {isa = PBXBuildFile; fileRef = 18E9FF18156B772D00F22272 /* attendees_icon.png */; };
		18E9FF21156B772D00F22272 /* decision_active_icon.png in Resources */ = {isa = PBXBuildFile; fileRef = 18E9FF19156B772D00F22272 /* decision_active_icon.png */; };
		18E9FF22156B772D00F22272 /* decision_icon.png in Resources */ = {isa = PBXBuildFile; fileRef = 18E9FF1A156B772D00F22272 /* decision_icon.png */; };
		18E9FF23156B772D00F22272 /* question_active_icon.png in Resources */ = {isa = PBXBuildFile; fileRef = 18E9FF1B156B772D00F22272 /* question_active_icon.png */; };
		18E9FF24156B772D00F22272 /* question_icon.png in Resources */ = {isa = PBXBuildFile; fileRef = 18E9FF1C156B772D00F22272 /* question_icon.png */; };
		18E9FF27156C6D7E00F22272 /* key_point_active_icon.png in Resources */ = {isa = PBXBuildFile; fileRef = 18E9FF25156C6D7E00F22272 /* key_point_active_icon.png */; };
		18E9FF28156C6D7E00F22272 /* key_point_icon.png in Resources */ = {isa = PBXBuildFile; fileRef = 18E9FF26156C6D7E00F22272 /* key_point_icon.png */; };
		18E9FF34156C791800F22272 /* bnote.png in Resources */ = {isa = PBXBuildFile; fileRef = 18E9FF32156C791800F22272 /* bnote.png */; };
		18E9FF35156C791800F22272 /* note.png in Resources */ = {isa = PBXBuildFile; fileRef = 18E9FF33156C791800F22272 /* note.png */; };
		18E9FF39156C7A2400F22272 /* bnote-144.png in Resources */ = {isa = PBXBuildFile; fileRef = 18E9FF38156C7A2400F22272 /* bnote-144.png */; };
		18E9FF3B156C7C9600F22272 /* attendant_icon.png in Resources */ = {isa = PBXBuildFile; fileRef = 18E9FF3A156C7C9500F22272 /* attendant_icon.png */; };
		18E9FF57156DCE4600F22272 /* BNoteStringUtils.m in Sources */ = {isa = PBXBuildFile; fileRef = 18E9FF56156DCE4600F22272 /* BNoteStringUtils.m */; };
		18E9FF5B156DE6A200F22272 /* BNoteSessionData.m in Sources */ = {isa = PBXBuildFile; fileRef = 18E9FF5A156DE6A200F22272 /* BNoteSessionData.m */; };
		18E9FF6A1571835600F22272 /* BNoteAnimation.m in Sources */ = {isa = PBXBuildFile; fileRef = 18E9FF691571835600F22272 /* BNoteAnimation.m */; };
		18E9FF6D15729EFA00F22272 /* NotesViewController.m in Sources */ = {isa = PBXBuildFile; fileRef = 18E9FF6C15729EF900F22272 /* NotesViewController.m */; };
/* End PBXBuildFile section */

/* Begin PBXFileReference section */
		18070DE61578598C003486E3 /* ActionItem.h */ = {isa = PBXFileReference; fileEncoding = 4; lastKnownFileType = sourcecode.c.h; path = ActionItem.h; sourceTree = "<group>"; };
		18070DE71578598C003486E3 /* ActionItem.m */ = {isa = PBXFileReference; fileEncoding = 4; lastKnownFileType = sourcecode.c.objc; path = ActionItem.m; sourceTree = "<group>"; };
		18070DEA15785C42003486E3 /* EntrySummaryTableViewCell.h */ = {isa = PBXFileReference; fileEncoding = 4; lastKnownFileType = sourcecode.c.h; path = EntrySummaryTableViewCell.h; sourceTree = "<group>"; };
		18070DEB15785C42003486E3 /* EntrySummaryTableViewCell.m */ = {isa = PBXFileReference; fileEncoding = 4; lastKnownFileType = sourcecode.c.objc; path = EntrySummaryTableViewCell.m; sourceTree = "<group>"; };
		18070DED15785F83003486E3 /* BNoteFilter.h */ = {isa = PBXFileReference; lastKnownFileType = sourcecode.c.h; path = BNoteFilter.h; sourceTree = "<group>"; };
		18070DEE15785FB2003486E3 /* IdentityFillter.h */ = {isa = PBXFileReference; fileEncoding = 4; lastKnownFileType = sourcecode.c.h; path = IdentityFillter.h; sourceTree = "<group>"; };
		18070DEF15785FB2003486E3 /* IdentityFillter.m */ = {isa = PBXFileReference; fileEncoding = 4; lastKnownFileType = sourcecode.c.objc; path = IdentityFillter.m; sourceTree = "<group>"; };
		18070DF21578613F003486E3 /* KeyPointFilter.h */ = {isa = PBXFileReference; fileEncoding = 4; lastKnownFileType = sourcecode.c.h; path = KeyPointFilter.h; sourceTree = "<group>"; };
		18070DF31578613F003486E3 /* KeyPointFilter.m */ = {isa = PBXFileReference; fileEncoding = 4; lastKnownFileType = sourcecode.c.objc; path = KeyPointFilter.m; sourceTree = "<group>"; };
		18070DF5157861CA003486E3 /* ActionItemFilter.h */ = {isa = PBXFileReference; fileEncoding = 4; lastKnownFileType = sourcecode.c.h; path = ActionItemFilter.h; sourceTree = "<group>"; };
		18070DF6157861CA003486E3 /* ActionItemFilter.m */ = {isa = PBXFileReference; fileEncoding = 4; lastKnownFileType = sourcecode.c.objc; path = ActionItemFilter.m; sourceTree = "<group>"; };
		18070DF8157861D9003486E3 /* ActionItemCompleteFilter.h */ = {isa = PBXFileReference; fileEncoding = 4; lastKnownFileType = sourcecode.c.h; path = ActionItemCompleteFilter.h; sourceTree = "<group>"; };
		18070DF9157861D9003486E3 /* ActionItemCompleteFilter.m */ = {isa = PBXFileReference; fileEncoding = 4; lastKnownFileType = sourcecode.c.objc; path = ActionItemCompleteFilter.m; sourceTree = "<group>"; };
		18070DFB157861E6003486E3 /* ActionItemInCompleteFilter.h */ = {isa = PBXFileReference; fileEncoding = 4; lastKnownFileType = sourcecode.c.h; path = ActionItemInCompleteFilter.h; sourceTree = "<group>"; };
		18070DFC157861E6003486E3 /* ActionItemInCompleteFilter.m */ = {isa = PBXFileReference; fileEncoding = 4; lastKnownFileType = sourcecode.c.objc; path = ActionItemInCompleteFilter.m; sourceTree = "<group>"; };
		18070DFE157861F6003486E3 /* QuestionFilter.h */ = {isa = PBXFileReference; fileEncoding = 4; lastKnownFileType = sourcecode.c.h; path = QuestionFilter.h; sourceTree = "<group>"; };
		18070DFF157861F6003486E3 /* QuestionFilter.m */ = {isa = PBXFileReference; fileEncoding = 4; lastKnownFileType = sourcecode.c.objc; path = QuestionFilter.m; sourceTree = "<group>"; };
		18070E011578620A003486E3 /* QuestionUnansweredFilter.h */ = {isa = PBXFileReference; fileEncoding = 4; lastKnownFileType = sourcecode.c.h; path = QuestionUnansweredFilter.h; sourceTree = "<group>"; };
		18070E021578620A003486E3 /* QuestionUnansweredFilter.m */ = {isa = PBXFileReference; fileEncoding = 4; lastKnownFileType = sourcecode.c.objc; path = QuestionUnansweredFilter.m; sourceTree = "<group>"; };
		18070E0415786218003486E3 /* QuestionAnsweredFilter.h */ = {isa = PBXFileReference; fileEncoding = 4; lastKnownFileType = sourcecode.c.h; path = QuestionAnsweredFilter.h; sourceTree = "<group>"; };
		18070E0515786218003486E3 /* QuestionAnsweredFilter.m */ = {isa = PBXFileReference; fileEncoding = 4; lastKnownFileType = sourcecode.c.objc; path = QuestionAnsweredFilter.m; sourceTree = "<group>"; };
		18070E071578623D003486E3 /* DecisionFilter.h */ = {isa = PBXFileReference; fileEncoding = 4; lastKnownFileType = sourcecode.c.h; path = DecisionFilter.h; sourceTree = "<group>"; };
		18070E081578623D003486E3 /* DecisionFilter.m */ = {isa = PBXFileReference; fileEncoding = 4; lastKnownFileType = sourcecode.c.objc; path = DecisionFilter.m; sourceTree = "<group>"; };
		1810692C15637A6A0018B03B /* BNoteReader.h */ = {isa = PBXFileReference; fileEncoding = 4; lastKnownFileType = sourcecode.c.h; path = BNoteReader.h; sourceTree = "<group>"; };
		1810692D15637A6A0018B03B /* BNoteReader.m */ = {isa = PBXFileReference; fileEncoding = 4; lastKnownFileType = sourcecode.c.objc; path = BNoteReader.m; sourceTree = "<group>"; };
		1810693615638E9E0018B03B /* BNoteWriter.h */ = {isa = PBXFileReference; fileEncoding = 4; lastKnownFileType = sourcecode.c.h; path = BNoteWriter.h; sourceTree = "<group>"; };
		1810693715638E9E0018B03B /* BNoteWriter.m */ = {isa = PBXFileReference; fileEncoding = 4; lastKnownFileType = sourcecode.c.objc; path = BNoteWriter.m; sourceTree = "<group>"; };
		181967BF1569E50100DA31A3 /* EntrySummariesTableViewController.h */ = {isa = PBXFileReference; fileEncoding = 4; lastKnownFileType = sourcecode.c.h; path = EntrySummariesTableViewController.h; sourceTree = "<group>"; };
		181967C01569E50100DA31A3 /* EntrySummariesTableViewController.m */ = {isa = PBXFileReference; fileEncoding = 4; lastKnownFileType = sourcecode.c.objc; path = EntrySummariesTableViewController.m; sourceTree = "<group>"; };
		181968451569FB0700DA31A3 /* NoteEditorViewController.h */ = {isa = PBXFileReference; fileEncoding = 4; lastKnownFileType = sourcecode.c.h; path = NoteEditorViewController.h; sourceTree = "<group>"; };
		181968461569FB0700DA31A3 /* NoteEditorViewController.m */ = {isa = PBXFileReference; fileEncoding = 4; lastKnownFileType = sourcecode.c.objc; path = NoteEditorViewController.m; sourceTree = "<group>"; };
		181968471569FB0700DA31A3 /* NoteEditorViewController.xib */ = {isa = PBXFileReference; fileEncoding = 4; lastKnownFileType = file.xib; path = NoteEditorViewController.xib; sourceTree = "<group>"; };
		1819684A156A0AB200DA31A3 /* NoteViewController.h */ = {isa = PBXFileReference; fileEncoding = 4; lastKnownFileType = sourcecode.c.h; path = NoteViewController.h; sourceTree = "<group>"; };
		1819684B156A0AB200DA31A3 /* NoteViewController.m */ = {isa = PBXFileReference; fileEncoding = 4; lastKnownFileType = sourcecode.c.objc; path = NoteViewController.m; sourceTree = "<group>"; };
		1819684C156A0AB200DA31A3 /* NoteViewController.xib */ = {isa = PBXFileReference; fileEncoding = 4; lastKnownFileType = file.xib; path = NoteViewController.xib; sourceTree = "<group>"; };
		1834D33715634A650065788F /* BNote.app */ = {isa = PBXFileReference; explicitFileType = wrapper.application; includeInIndex = 0; path = BNote.app; sourceTree = BUILT_PRODUCTS_DIR; };
		1834D33B15634A650065788F /* UIKit.framework */ = {isa = PBXFileReference; lastKnownFileType = wrapper.framework; name = UIKit.framework; path = System/Library/Frameworks/UIKit.framework; sourceTree = SDKROOT; };
		1834D33D15634A650065788F /* Foundation.framework */ = {isa = PBXFileReference; lastKnownFileType = wrapper.framework; name = Foundation.framework; path = System/Library/Frameworks/Foundation.framework; sourceTree = SDKROOT; };
		1834D33F15634A650065788F /* CoreGraphics.framework */ = {isa = PBXFileReference; lastKnownFileType = wrapper.framework; name = CoreGraphics.framework; path = System/Library/Frameworks/CoreGraphics.framework; sourceTree = SDKROOT; };
		1834D34315634A650065788F /* BNote-Info.plist */ = {isa = PBXFileReference; lastKnownFileType = text.plist.xml; path = "BNote-Info.plist"; sourceTree = "<group>"; };
		1834D34515634A650065788F /* en */ = {isa = PBXFileReference; lastKnownFileType = text.plist.strings; name = en; path = en.lproj/InfoPlist.strings; sourceTree = "<group>"; };
		1834D34715634A650065788F /* main.m */ = {isa = PBXFileReference; lastKnownFileType = sourcecode.c.objc; path = main.m; sourceTree = "<group>"; };
		1834D34915634A650065788F /* BNote-Prefix.pch */ = {isa = PBXFileReference; lastKnownFileType = sourcecode.c.h; path = "BNote-Prefix.pch"; sourceTree = "<group>"; };
		1834D34A15634A650065788F /* AppDelegate.h */ = {isa = PBXFileReference; lastKnownFileType = sourcecode.c.h; path = AppDelegate.h; sourceTree = "<group>"; };
		1834D34B15634A650065788F /* AppDelegate.m */ = {isa = PBXFileReference; lastKnownFileType = sourcecode.c.objc; path = AppDelegate.m; sourceTree = "<group>"; };
		1834D34D15634A650065788F /* MasterViewController.h */ = {isa = PBXFileReference; lastKnownFileType = sourcecode.c.h; path = MasterViewController.h; sourceTree = "<group>"; };
		1834D34E15634A650065788F /* MasterViewController.m */ = {isa = PBXFileReference; lastKnownFileType = sourcecode.c.objc; path = MasterViewController.m; sourceTree = "<group>"; };
		1834D35015634A650065788F /* DetailViewController.h */ = {isa = PBXFileReference; lastKnownFileType = sourcecode.c.h; path = DetailViewController.h; sourceTree = "<group>"; };
		1834D35115634A650065788F /* DetailViewController.m */ = {isa = PBXFileReference; lastKnownFileType = sourcecode.c.objc; path = DetailViewController.m; sourceTree = "<group>"; };
		1834D35415634A650065788F /* en */ = {isa = PBXFileReference; lastKnownFileType = file.xib; name = en; path = en.lproj/MasterViewController.xib; sourceTree = "<group>"; };
		1834D35715634A650065788F /* en */ = {isa = PBXFileReference; lastKnownFileType = file.xib; name = en; path = en.lproj/DetailViewController.xib; sourceTree = "<group>"; };
		1834D35E15634AA60065788F /* CoreData.framework */ = {isa = PBXFileReference; lastKnownFileType = wrapper.framework; name = CoreData.framework; path = System/Library/Frameworks/CoreData.framework; sourceTree = SDKROOT; };
		1834D37B156351640065788F /* TopicEditorViewController.h */ = {isa = PBXFileReference; fileEncoding = 4; lastKnownFileType = sourcecode.c.h; path = TopicEditorViewController.h; sourceTree = "<group>"; };
		1834D37C156351640065788F /* TopicEditorViewController.m */ = {isa = PBXFileReference; fileEncoding = 4; lastKnownFileType = sourcecode.c.objc; path = TopicEditorViewController.m; sourceTree = "<group>"; };
		1834D382156364840065788F /* TopicEditorViewController.xib */ = {isa = PBXFileReference; fileEncoding = 4; lastKnownFileType = file.xib; name = TopicEditorViewController.xib; path = ../TopicEditorViewController.xib; sourceTree = "<group>"; };
		1834D396156372500065788F /* BNote.xcdatamodel */ = {isa = PBXFileReference; lastKnownFileType = wrapper.xcdatamodel; path = BNote.xcdatamodel; sourceTree = "<group>"; };
		1834D3A5156375560065788F /* BNoteFactory.h */ = {isa = PBXFileReference; fileEncoding = 4; lastKnownFileType = sourcecode.c.h; path = BNoteFactory.h; sourceTree = "<group>"; };
		1834D3A6156375560065788F /* BNoteFactory.m */ = {isa = PBXFileReference; fileEncoding = 4; lastKnownFileType = sourcecode.c.objc; path = BNoteFactory.m; sourceTree = "<group>"; };
		18368F351564DBF200E511CB /* ButtonMetaData.h */ = {isa = PBXFileReference; fileEncoding = 4; lastKnownFileType = sourcecode.c.h; path = ButtonMetaData.h; sourceTree = "<group>"; };
		18368F361564DBF200E511CB /* ButtonMetaData.m */ = {isa = PBXFileReference; fileEncoding = 4; lastKnownFileType = sourcecode.c.objc; path = ButtonMetaData.m; sourceTree = "<group>"; };
		1879F05715746E9A003814C2 /* DatePickerViewController.h */ = {isa = PBXFileReference; fileEncoding = 4; lastKnownFileType = sourcecode.c.h; path = DatePickerViewController.h; sourceTree = "<group>"; };
		1879F05815746E9A003814C2 /* DatePickerViewController.m */ = {isa = PBXFileReference; fileEncoding = 4; lastKnownFileType = sourcecode.c.objc; path = DatePickerViewController.m; sourceTree = "<group>"; };
		1879F05915746E9A003814C2 /* DatePickerViewController.xib */ = {isa = PBXFileReference; fileEncoding = 4; lastKnownFileType = file.xib; path = DatePickerViewController.xib; sourceTree = "<group>"; };
		1879F05D15747B18003814C2 /* QuickWordsViewController.h */ = {isa = PBXFileReference; fileEncoding = 4; lastKnownFileType = sourcecode.c.h; path = QuickWordsViewController.h; sourceTree = "<group>"; };
		1879F05E15747B18003814C2 /* QuickWordsViewController.m */ = {isa = PBXFileReference; fileEncoding = 4; lastKnownFileType = sourcecode.c.objc; path = QuickWordsViewController.m; sourceTree = "<group>"; };
		1879F05F15747B18003814C2 /* QuickWordsViewController.xib */ = {isa = PBXFileReference; fileEncoding = 4; lastKnownFileType = file.xib; path = QuickWordsViewController.xib; sourceTree = "<group>"; };
		1879F06A1574B1BD003814C2 /* QuickWordButton.h */ = {isa = PBXFileReference; fileEncoding = 4; lastKnownFileType = sourcecode.c.h; path = QuickWordButton.h; sourceTree = "<group>"; };
		1879F06B1574B1BD003814C2 /* QuickWordButton.m */ = {isa = PBXFileReference; fileEncoding = 4; lastKnownFileType = sourcecode.c.objc; path = QuickWordButton.m; sourceTree = "<group>"; };
		1879F0701574BEE9003814C2 /* QuickWordsFactory.h */ = {isa = PBXFileReference; fileEncoding = 4; lastKnownFileType = sourcecode.c.h; path = QuickWordsFactory.h; sourceTree = "<group>"; };
		1879F0711574BEE9003814C2 /* QuickWordsFactory.m */ = {isa = PBXFileReference; fileEncoding = 4; lastKnownFileType = sourcecode.c.objc; path = QuickWordsFactory.m; sourceTree = "<group>"; };
		1879F0761574CA12003814C2 /* DateQuickButton.h */ = {isa = PBXFileReference; fileEncoding = 4; lastKnownFileType = sourcecode.c.h; path = DateQuickButton.h; sourceTree = "<group>"; };
		1879F0771574CA12003814C2 /* DateQuickButton.m */ = {isa = PBXFileReference; fileEncoding = 4; lastKnownFileType = sourcecode.c.objc; path = DateQuickButton.m; sourceTree = "<group>"; };
		1879F09A1575C85A003814C2 /* ActionItemQuickButton.h */ = {isa = PBXFileReference; fileEncoding = 4; lastKnownFileType = sourcecode.c.h; path = ActionItemQuickButton.h; sourceTree = "<group>"; };
		1879F09B1575C85A003814C2 /* ActionItemQuickButton.m */ = {isa = PBXFileReference; fileEncoding = 4; lastKnownFileType = sourcecode.c.objc; path = ActionItemQuickButton.m; sourceTree = "<group>"; };
		1879F09E1575CA36003814C2 /* ActionItemMarkDone.h */ = {isa = PBXFileReference; fileEncoding = 4; lastKnownFileType = sourcecode.c.h; path = ActionItemMarkDone.h; sourceTree = "<group>"; };
		1879F09F1575CA37003814C2 /* ActionItemMarkDone.m */ = {isa = PBXFileReference; fileEncoding = 4; lastKnownFileType = sourcecode.c.objc; path = ActionItemMarkDone.m; sourceTree = "<group>"; };
		1879F0EB1575CF37003814C2 /* Topic.h */ = {isa = PBXFileReference; fileEncoding = 4; lastKnownFileType = sourcecode.c.h; path = Topic.h; sourceTree = "<group>"; };
		1879F0EC1575CF37003814C2 /* Topic.m */ = {isa = PBXFileReference; fileEncoding = 4; lastKnownFileType = sourcecode.c.objc; path = Topic.m; sourceTree = "<group>"; };
		1879F0EE1575CF37003814C2 /* Entry.h */ = {isa = PBXFileReference; fileEncoding = 4; lastKnownFileType = sourcecode.c.h; path = Entry.h; sourceTree = "<group>"; };
		1879F0EF1575CF37003814C2 /* Entry.m */ = {isa = PBXFileReference; fileEncoding = 4; lastKnownFileType = sourcecode.c.objc; path = Entry.m; sourceTree = "<group>"; };
		1879F0F11575CF37003814C2 /* KeyPoint.h */ = {isa = PBXFileReference; fileEncoding = 4; lastKnownFileType = sourcecode.c.h; path = KeyPoint.h; sourceTree = "<group>"; };
		1879F0F21575CF37003814C2 /* KeyPoint.m */ = {isa = PBXFileReference; fileEncoding = 4; lastKnownFileType = sourcecode.c.objc; path = KeyPoint.m; sourceTree = "<group>"; };
		1879F0F71575CF37003814C2 /* Decision.h */ = {isa = PBXFileReference; fileEncoding = 4; lastKnownFileType = sourcecode.c.h; path = Decision.h; sourceTree = "<group>"; };
		1879F0F81575CF37003814C2 /* Decision.m */ = {isa = PBXFileReference; fileEncoding = 4; lastKnownFileType = sourcecode.c.objc; path = Decision.m; sourceTree = "<group>"; };
		1879F0FA1575CF37003814C2 /* Email.h */ = {isa = PBXFileReference; fileEncoding = 4; lastKnownFileType = sourcecode.c.h; path = Email.h; sourceTree = "<group>"; };
		1879F0FB1575CF37003814C2 /* Email.m */ = {isa = PBXFileReference; fileEncoding = 4; lastKnownFileType = sourcecode.c.objc; path = Email.m; sourceTree = "<group>"; };
		1879F0FD1575CF38003814C2 /* Attendant.h */ = {isa = PBXFileReference; fileEncoding = 4; lastKnownFileType = sourcecode.c.h; path = Attendant.h; sourceTree = "<group>"; };
		1879F0FE1575CF38003814C2 /* Attendant.m */ = {isa = PBXFileReference; fileEncoding = 4; lastKnownFileType = sourcecode.c.objc; path = Attendant.m; sourceTree = "<group>"; };
		1879F1001575CF38003814C2 /* Note.h */ = {isa = PBXFileReference; fileEncoding = 4; lastKnownFileType = sourcecode.c.h; path = Note.h; sourceTree = "<group>"; };
		1879F1011575CF38003814C2 /* Note.m */ = {isa = PBXFileReference; fileEncoding = 4; lastKnownFileType = sourcecode.c.objc; path = Note.m; sourceTree = "<group>"; };
		1879F1031575CF38003814C2 /* Phone.h */ = {isa = PBXFileReference; fileEncoding = 4; lastKnownFileType = sourcecode.c.h; path = Phone.h; sourceTree = "<group>"; };
		1879F1041575CF38003814C2 /* Phone.m */ = {isa = PBXFileReference; fileEncoding = 4; lastKnownFileType = sourcecode.c.objc; path = Phone.m; sourceTree = "<group>"; };
		1879F1061575CF38003814C2 /* Question.h */ = {isa = PBXFileReference; fileEncoding = 4; lastKnownFileType = sourcecode.c.h; path = Question.h; sourceTree = "<group>"; };
		1879F1071575CF38003814C2 /* Question.m */ = {isa = PBXFileReference; fileEncoding = 4; lastKnownFileType = sourcecode.c.objc; path = Question.m; sourceTree = "<group>"; };
		1879F1091575D802003814C2 /* QuestionQuickButton.h */ = {isa = PBXFileReference; fileEncoding = 4; lastKnownFileType = sourcecode.c.h; path = QuestionQuickButton.h; sourceTree = "<group>"; };
		1879F10A1575D802003814C2 /* QuestionQuickButton.m */ = {isa = PBXFileReference; fileEncoding = 4; lastKnownFileType = sourcecode.c.objc; path = QuestionQuickButton.m; sourceTree = "<group>"; };
		18810E5D15770159002B59DA /* EntriesViewController.h */ = {isa = PBXFileReference; fileEncoding = 4; lastKnownFileType = sourcecode.c.h; path = EntriesViewController.h; sourceTree = "<group>"; };
		18810E5E15770159002B59DA /* EntriesViewController.m */ = {isa = PBXFileReference; fileEncoding = 4; lastKnownFileType = sourcecode.c.objc; path = EntriesViewController.m; sourceTree = "<group>"; };
		18810E6615770E5C002B59DA /* EntryTableViewCell.h */ = {isa = PBXFileReference; fileEncoding = 4; lastKnownFileType = sourcecode.c.h; path = EntryTableViewCell.h; sourceTree = "<group>"; };
		18810E6715770E5C002B59DA /* EntryTableViewCell.m */ = {isa = PBXFileReference; fileEncoding = 4; lastKnownFileType = sourcecode.c.objc; path = EntryTableViewCell.m; sourceTree = "<group>"; };
		18A1DE5D1575F96A004A2022 /* AttendantQuickButton.h */ = {isa = PBXFileReference; fileEncoding = 4; lastKnownFileType = sourcecode.c.h; path = AttendantQuickButton.h; sourceTree = "<group>"; };
		18A1DE5E1575F96A004A2022 /* AttendantQuickButton.m */ = {isa = PBXFileReference; fileEncoding = 4; lastKnownFileType = sourcecode.c.objc; path = AttendantQuickButton.m; sourceTree = "<group>"; };
		18A1DE601576027E004A2022 /* KeyPointButton.h */ = {isa = PBXFileReference; fileEncoding = 4; lastKnownFileType = sourcecode.c.h; path = KeyPointButton.h; sourceTree = "<group>"; };
		18A1DE611576027E004A2022 /* KeyPointButton.m */ = {isa = PBXFileReference; fileEncoding = 4; lastKnownFileType = sourcecode.c.objc; path = KeyPointButton.m; sourceTree = "<group>"; };
		18E9FF0F156A343700F22272 /* LayerFormater.h */ = {isa = PBXFileReference; fileEncoding = 4; lastKnownFileType = sourcecode.c.h; path = LayerFormater.h; sourceTree = "<group>"; };
		18E9FF10156A343700F22272 /* LayerFormater.m */ = {isa = PBXFileReference; fileEncoding = 4; lastKnownFileType = sourcecode.c.objc; path = LayerFormater.m; sourceTree = "<group>"; };
		18E9FF15156B772D00F22272 /* action_item_active_icon.png */ = {isa = PBXFileReference; lastKnownFileType = image.png; path = action_item_active_icon.png; sourceTree = "<group>"; };
		18E9FF16156B772D00F22272 /* action_item_icon.png */ = {isa = PBXFileReference; lastKnownFileType = image.png; path = action_item_icon.png; sourceTree = "<group>"; };
		18E9FF17156B772D00F22272 /* attendees_active_icon.png */ = {isa = PBXFileReference; lastKnownFileType = image.png; path = attendees_active_icon.png; sourceTree = "<group>"; };
		18E9FF18156B772D00F22272 /* attendees_icon.png */ = {isa = PBXFileReference; lastKnownFileType = image.png; path = attendees_icon.png; sourceTree = "<group>"; };
		18E9FF19156B772D00F22272 /* decision_active_icon.png */ = {isa = PBXFileReference; lastKnownFileType = image.png; path = decision_active_icon.png; sourceTree = "<group>"; };
		18E9FF1A156B772D00F22272 /* decision_icon.png */ = {isa = PBXFileReference; lastKnownFileType = image.png; path = decision_icon.png; sourceTree = "<group>"; };
		18E9FF1B156B772D00F22272 /* question_active_icon.png */ = {isa = PBXFileReference; lastKnownFileType = image.png; path = question_active_icon.png; sourceTree = "<group>"; };
		18E9FF1C156B772D00F22272 /* question_icon.png */ = {isa = PBXFileReference; lastKnownFileType = image.png; path = question_icon.png; sourceTree = "<group>"; };
		18E9FF25156C6D7E00F22272 /* key_point_active_icon.png */ = {isa = PBXFileReference; lastKnownFileType = image.png; path = key_point_active_icon.png; sourceTree = "<group>"; };
		18E9FF26156C6D7E00F22272 /* key_point_icon.png */ = {isa = PBXFileReference; lastKnownFileType = image.png; path = key_point_icon.png; sourceTree = "<group>"; };
		18E9FF32156C791800F22272 /* bnote.png */ = {isa = PBXFileReference; lastKnownFileType = image.png; path = bnote.png; sourceTree = "<group>"; };
		18E9FF33156C791800F22272 /* note.png */ = {isa = PBXFileReference; lastKnownFileType = image.png; path = note.png; sourceTree = "<group>"; };
		18E9FF38156C7A2400F22272 /* bnote-144.png */ = {isa = PBXFileReference; lastKnownFileType = image.png; name = "bnote-144.png"; path = "../bnote-144.png"; sourceTree = "<group>"; };
		18E9FF3A156C7C9500F22272 /* attendant_icon.png */ = {isa = PBXFileReference; lastKnownFileType = image.png; path = attendant_icon.png; sourceTree = "<group>"; };
		18E9FF55156DCE4500F22272 /* BNoteStringUtils.h */ = {isa = PBXFileReference; fileEncoding = 4; lastKnownFileType = sourcecode.c.h; path = BNoteStringUtils.h; sourceTree = "<group>"; };
		18E9FF56156DCE4600F22272 /* BNoteStringUtils.m */ = {isa = PBXFileReference; fileEncoding = 4; lastKnownFileType = sourcecode.c.objc; path = BNoteStringUtils.m; sourceTree = "<group>"; };
		18E9FF59156DE6A200F22272 /* BNoteSessionData.h */ = {isa = PBXFileReference; fileEncoding = 4; lastKnownFileType = sourcecode.c.h; path = BNoteSessionData.h; sourceTree = "<group>"; };
		18E9FF5A156DE6A200F22272 /* BNoteSessionData.m */ = {isa = PBXFileReference; fileEncoding = 4; lastKnownFileType = sourcecode.c.objc; path = BNoteSessionData.m; sourceTree = "<group>"; };
		18E9FF681571835500F22272 /* BNoteAnimation.h */ = {isa = PBXFileReference; fileEncoding = 4; lastKnownFileType = sourcecode.c.h; path = BNoteAnimation.h; sourceTree = "<group>"; };
		18E9FF691571835600F22272 /* BNoteAnimation.m */ = {isa = PBXFileReference; fileEncoding = 4; lastKnownFileType = sourcecode.c.objc; path = BNoteAnimation.m; sourceTree = "<group>"; };
		18E9FF6B15729EF900F22272 /* NotesViewController.h */ = {isa = PBXFileReference; fileEncoding = 4; lastKnownFileType = sourcecode.c.h; path = NotesViewController.h; sourceTree = "<group>"; };
		18E9FF6C15729EF900F22272 /* NotesViewController.m */ = {isa = PBXFileReference; fileEncoding = 4; lastKnownFileType = sourcecode.c.objc; path = NotesViewController.m; sourceTree = "<group>"; };
/* End PBXFileReference section */

/* Begin PBXFrameworksBuildPhase section */
		1834D33415634A650065788F /* Frameworks */ = {
			isa = PBXFrameworksBuildPhase;
			buildActionMask = 2147483647;
			files = (
				1834D35F15634AA60065788F /* CoreData.framework in Frameworks */,
				1834D33C15634A650065788F /* UIKit.framework in Frameworks */,
				1834D33E15634A650065788F /* Foundation.framework in Frameworks */,
				1834D34015634A650065788F /* CoreGraphics.framework in Frameworks */,
			);
			runOnlyForDeploymentPostprocessing = 0;
		};
/* End PBXFrameworksBuildPhase section */

/* Begin PBXGroup section */
		18070DF115786123003486E3 /* Filters */ = {
			isa = PBXGroup;
			children = (
				18070DEE15785FB2003486E3 /* IdentityFillter.h */,
				18070DEF15785FB2003486E3 /* IdentityFillter.m */,
				18070DED15785F83003486E3 /* BNoteFilter.h */,
				18070DF21578613F003486E3 /* KeyPointFilter.h */,
				18070DF31578613F003486E3 /* KeyPointFilter.m */,
				18070DF5157861CA003486E3 /* ActionItemFilter.h */,
				18070DF6157861CA003486E3 /* ActionItemFilter.m */,
				18070DF8157861D9003486E3 /* ActionItemCompleteFilter.h */,
				18070DF9157861D9003486E3 /* ActionItemCompleteFilter.m */,
				18070DFB157861E6003486E3 /* ActionItemInCompleteFilter.h */,
				18070DFC157861E6003486E3 /* ActionItemInCompleteFilter.m */,
				18070DFE157861F6003486E3 /* QuestionFilter.h */,
				18070DFF157861F6003486E3 /* QuestionFilter.m */,
				18070E011578620A003486E3 /* QuestionUnansweredFilter.h */,
				18070E021578620A003486E3 /* QuestionUnansweredFilter.m */,
				18070E0415786218003486E3 /* QuestionAnsweredFilter.h */,
				18070E0515786218003486E3 /* QuestionAnsweredFilter.m */,
				18070E071578623D003486E3 /* DecisionFilter.h */,
				18070E081578623D003486E3 /* DecisionFilter.m */,
			);
			name = Filters;
			sourceTree = "<group>";
		};
		1819675615699AB200DA31A3 /* Images */ = {
			isa = PBXGroup;
			children = (
				18E9FF38156C7A2400F22272 /* bnote-144.png */,
				18E9FF3A156C7C9500F22272 /* attendant_icon.png */,
				18E9FF32156C791800F22272 /* bnote.png */,
				18E9FF33156C791800F22272 /* note.png */,
				18E9FF25156C6D7E00F22272 /* key_point_active_icon.png */,
				18E9FF26156C6D7E00F22272 /* key_point_icon.png */,
				18E9FF15156B772D00F22272 /* action_item_active_icon.png */,
				18E9FF16156B772D00F22272 /* action_item_icon.png */,
				18E9FF17156B772D00F22272 /* attendees_active_icon.png */,
				18E9FF18156B772D00F22272 /* attendees_icon.png */,
				18E9FF19156B772D00F22272 /* decision_active_icon.png */,
				18E9FF1A156B772D00F22272 /* decision_icon.png */,
				18E9FF1B156B772D00F22272 /* question_active_icon.png */,
				18E9FF1C156B772D00F22272 /* question_icon.png */,
			);
			name = Images;
			sourceTree = "<group>";
		};
		1834D32C15634A650065788F = {
			isa = PBXGroup;
			children = (
				1834D34115634A650065788F /* BNote */,
				1834D33A15634A650065788F /* Frameworks */,
				1834D33815634A650065788F /* Products */,
			);
			sourceTree = "<group>";
		};
		1834D33815634A650065788F /* Products */ = {
			isa = PBXGroup;
			children = (
				1834D33715634A650065788F /* BNote.app */,
			);
			name = Products;
			sourceTree = "<group>";
		};
		1834D33A15634A650065788F /* Frameworks */ = {
			isa = PBXGroup;
			children = (
				1834D35E15634AA60065788F /* CoreData.framework */,
				1834D33B15634A650065788F /* UIKit.framework */,
				1834D33D15634A650065788F /* Foundation.framework */,
				1834D33F15634A650065788F /* CoreGraphics.framework */,
			);
			name = Frameworks;
			sourceTree = "<group>";
		};
		1834D34115634A650065788F /* BNote */ = {
			isa = PBXGroup;
			children = (
				1819675615699AB200DA31A3 /* Images */,
				18E9FF0D156A340900F22272 /* UI */,
				18368F5415662D8000E511CB /* Detail View */,
				18368F4B156610D200E511CB /* Service Core */,
				1834D36015634AC60065788F /* Model */,
				1834D34A15634A650065788F /* AppDelegate.h */,
				1834D34B15634A650065788F /* AppDelegate.m */,
				18368F5515662DAF00E511CB /* Master View */,
				18368F5615662DC200E511CB /* Topic Editor */,
				1834D34215634A650065788F /* Supporting Files */,
			);
			path = BNote;
			sourceTree = "<group>";
		};
		1834D34215634A650065788F /* Supporting Files */ = {
			isa = PBXGroup;
			children = (
				1834D34315634A650065788F /* BNote-Info.plist */,
				1834D34415634A650065788F /* InfoPlist.strings */,
				1834D34715634A650065788F /* main.m */,
				1834D34915634A650065788F /* BNote-Prefix.pch */,
			);
			name = "Supporting Files";
			sourceTree = "<group>";
		};
		1834D36015634AC60065788F /* Model */ = {
			isa = PBXGroup;
			children = (
				18368F4A156610B800E511CB /* Persistence */,
				18368F351564DBF200E511CB /* ButtonMetaData.h */,
				18368F361564DBF200E511CB /* ButtonMetaData.m */,
				18E9FF59156DE6A200F22272 /* BNoteSessionData.h */,
				18E9FF5A156DE6A200F22272 /* BNoteSessionData.m */,
			);
			name = Model;
			sourceTree = "<group>";
		};
		18368F4A156610B800E511CB /* Persistence */ = {
			isa = PBXGroup;
			children = (
				1879F1061575CF38003814C2 /* Question.h */,
				1879F1071575CF38003814C2 /* Question.m */,
				1879F1031575CF38003814C2 /* Phone.h */,
				1879F1041575CF38003814C2 /* Phone.m */,
				1879F1001575CF38003814C2 /* Note.h */,
				1879F1011575CF38003814C2 /* Note.m */,
				1879F0FD1575CF38003814C2 /* Attendant.h */,
				1879F0FE1575CF38003814C2 /* Attendant.m */,
				1879F0FA1575CF37003814C2 /* Email.h */,
				1879F0FB1575CF37003814C2 /* Email.m */,
				1879F0F71575CF37003814C2 /* Decision.h */,
				1879F0F81575CF37003814C2 /* Decision.m */,
				1879F0F11575CF37003814C2 /* KeyPoint.h */,
				1879F0F21575CF37003814C2 /* KeyPoint.m */,
				1879F0EE1575CF37003814C2 /* Entry.h */,
				1879F0EF1575CF37003814C2 /* Entry.m */,
				1879F0EB1575CF37003814C2 /* Topic.h */,
				1879F0EC1575CF37003814C2 /* Topic.m */,
				18070DE61578598C003486E3 /* ActionItem.h */,
				18070DE71578598C003486E3 /* ActionItem.m */,
				1834D395156372500065788F /* BNote.xcdatamodeld */,
			);
			name = Persistence;
			sourceTree = "<group>";
		};
		18368F4B156610D200E511CB /* Service Core */ = {
			isa = PBXGroup;
			children = (
				18070DF115786123003486E3 /* Filters */,
				1834D3A5156375560065788F /* BNoteFactory.h */,
				1834D3A6156375560065788F /* BNoteFactory.m */,
				1810692C15637A6A0018B03B /* BNoteReader.h */,
				1810692D15637A6A0018B03B /* BNoteReader.m */,
				1810693615638E9E0018B03B /* BNoteWriter.h */,
				1810693715638E9E0018B03B /* BNoteWriter.m */,
				18E9FF55156DCE4500F22272 /* BNoteStringUtils.h */,
				18E9FF56156DCE4600F22272 /* BNoteStringUtils.m */,
			);
			name = "Service Core";
			sourceTree = "<group>";
		};
		18368F5415662D8000E511CB /* Detail View */ = {
			isa = PBXGroup;
			children = (
				1834D35015634A650065788F /* DetailViewController.h */,
				1834D35115634A650065788F /* DetailViewController.m */,
				1834D35615634A650065788F /* DetailViewController.xib */,
				18E9FF6F1572A44A00F22272 /* Entries Scroll View */,
				18E9FF6E1572A43100F22272 /* Notes Scroll View */,
				18E9FF29156C6FDA00F22272 /* Edit Notes */,
			);
			name = "Detail View";
			sourceTree = "<group>";
		};
		18368F5515662DAF00E511CB /* Master View */ = {
			isa = PBXGroup;
			children = (
				1834D34D15634A650065788F /* MasterViewController.h */,
				1834D34E15634A650065788F /* MasterViewController.m */,
				1834D35315634A650065788F /* MasterViewController.xib */,
			);
			name = "Master View";
			sourceTree = "<group>";
		};
		18368F5615662DC200E511CB /* Topic Editor */ = {
			isa = PBXGroup;
			children = (
				1834D37B156351640065788F /* TopicEditorViewController.h */,
				1834D37C156351640065788F /* TopicEditorViewController.m */,
				1834D382156364840065788F /* TopicEditorViewController.xib */,
			);
			name = "Topic Editor";
			sourceTree = "<group>";
		};
		1879F05615746E72003814C2 /* Date Picker */ = {
			isa = PBXGroup;
			children = (
				1879F05715746E9A003814C2 /* DatePickerViewController.h */,
				1879F05815746E9A003814C2 /* DatePickerViewController.m */,
				1879F05915746E9A003814C2 /* DatePickerViewController.xib */,
			);
			name = "Date Picker";
			sourceTree = "<group>";
		};
		1879F05C15747AFB003814C2 /* Quick Words */ = {
			isa = PBXGroup;
			children = (
				1879F0791574CA50003814C2 /* Buttons */,
				1879F0701574BEE9003814C2 /* QuickWordsFactory.h */,
				1879F0711574BEE9003814C2 /* QuickWordsFactory.m */,
				1879F05D15747B18003814C2 /* QuickWordsViewController.h */,
				1879F05E15747B18003814C2 /* QuickWordsViewController.m */,
				1879F05F15747B18003814C2 /* QuickWordsViewController.xib */,
			);
			name = "Quick Words";
			sourceTree = "<group>";
		};
		1879F0791574CA50003814C2 /* Buttons */ = {
			isa = PBXGroup;
			children = (
				18A1DE66157609DB004A2022 /* Key Point */,
				18A1DE65157609D1004A2022 /* Question */,
				18A1DE64157609C6004A2022 /* Action Item */,
				18A1DE63157609BA004A2022 /* Attendant */,
				1879F06A1574B1BD003814C2 /* QuickWordButton.h */,
				1879F06B1574B1BD003814C2 /* QuickWordButton.m */,
				1879F0761574CA12003814C2 /* DateQuickButton.h */,
				1879F0771574CA12003814C2 /* DateQuickButton.m */,
			);
			name = Buttons;
			sourceTree = "<group>";
		};
		18A1DE63157609BA004A2022 /* Attendant */ = {
			isa = PBXGroup;
			children = (
				18A1DE5D1575F96A004A2022 /* AttendantQuickButton.h */,
				18A1DE5E1575F96A004A2022 /* AttendantQuickButton.m */,
			);
			name = Attendant;
			sourceTree = "<group>";
		};
		18A1DE64157609C6004A2022 /* Action Item */ = {
			isa = PBXGroup;
			children = (
				1879F09A1575C85A003814C2 /* ActionItemQuickButton.h */,
				1879F09B1575C85A003814C2 /* ActionItemQuickButton.m */,
				1879F09E1575CA36003814C2 /* ActionItemMarkDone.h */,
				1879F09F1575CA37003814C2 /* ActionItemMarkDone.m */,
			);
			name = "Action Item";
			sourceTree = "<group>";
		};
		18A1DE65157609D1004A2022 /* Question */ = {
			isa = PBXGroup;
			children = (
				1879F1091575D802003814C2 /* QuestionQuickButton.h */,
				1879F10A1575D802003814C2 /* QuestionQuickButton.m */,
			);
			name = Question;
			sourceTree = "<group>";
		};
		18A1DE66157609DB004A2022 /* Key Point */ = {
			isa = PBXGroup;
			children = (
				18A1DE601576027E004A2022 /* KeyPointButton.h */,
				18A1DE611576027E004A2022 /* KeyPointButton.m */,
			);
			name = "Key Point";
			sourceTree = "<group>";
		};
		18E9FF0D156A340900F22272 /* UI */ = {
			isa = PBXGroup;
			children = (
				18E9FF681571835500F22272 /* BNoteAnimation.h */,
				18E9FF691571835600F22272 /* BNoteAnimation.m */,
				18E9FF0F156A343700F22272 /* LayerFormater.h */,
				18E9FF10156A343700F22272 /* LayerFormater.m */,
			);
			name = UI;
			sourceTree = "<group>";
		};
		18E9FF29156C6FDA00F22272 /* Edit Notes */ = {
			isa = PBXGroup;
			children = (
				1879F05C15747AFB003814C2 /* Quick Words */,
				1879F05615746E72003814C2 /* Date Picker */,
				18E9FF51156DA5E200F22272 /* Review Attendant */,
				181968451569FB0700DA31A3 /* NoteEditorViewController.h */,
				181968461569FB0700DA31A3 /* NoteEditorViewController.m */,
				181968471569FB0700DA31A3 /* NoteEditorViewController.xib */,
				18810E5D15770159002B59DA /* EntriesViewController.h */,
				18810E5E15770159002B59DA /* EntriesViewController.m */,
				18810E6615770E5C002B59DA /* EntryTableViewCell.h */,
				18810E6715770E5C002B59DA /* EntryTableViewCell.m */,
			);
			name = "Edit Notes";
			sourceTree = "<group>";
		};
		18E9FF51156DA5E200F22272 /* Review Attendant */ = {
			isa = PBXGroup;
			children = (
			);
			name = "Review Attendant";
			sourceTree = "<group>";
		};
		18E9FF6E1572A43100F22272 /* Notes Scroll View */ = {
			isa = PBXGroup;
			children = (
				18E9FF6B15729EF900F22272 /* NotesViewController.h */,
				18E9FF6C15729EF900F22272 /* NotesViewController.m */,
				1819684A156A0AB200DA31A3 /* NoteViewController.h */,
				1819684B156A0AB200DA31A3 /* NoteViewController.m */,
				1819684C156A0AB200DA31A3 /* NoteViewController.xib */,
			);
			name = "Notes Scroll View";
			sourceTree = "<group>";
		};
		18E9FF6F1572A44A00F22272 /* Entries Scroll View */ = {
			isa = PBXGroup;
			children = (
				181967BF1569E50100DA31A3 /* EntrySummariesTableViewController.h */,
				181967C01569E50100DA31A3 /* EntrySummariesTableViewController.m */,
				18070DEA15785C42003486E3 /* EntrySummaryTableViewCell.h */,
				18070DEB15785C42003486E3 /* EntrySummaryTableViewCell.m */,
			);
			name = "Entries Scroll View";
			sourceTree = "<group>";
		};
/* End PBXGroup section */

/* Begin PBXNativeTarget section */
		1834D33615634A650065788F /* BNote */ = {
			isa = PBXNativeTarget;
			buildConfigurationList = 1834D35B15634A650065788F /* Build configuration list for PBXNativeTarget "BNote" */;
			buildPhases = (
				1834D33315634A650065788F /* Sources */,
				1834D33415634A650065788F /* Frameworks */,
				1834D33515634A650065788F /* Resources */,
			);
			buildRules = (
			);
			dependencies = (
			);
			name = BNote;
			productName = BNote;
			productReference = 1834D33715634A650065788F /* BNote.app */;
			productType = "com.apple.product-type.application";
		};
/* End PBXNativeTarget section */

/* Begin PBXProject section */
		1834D32E15634A650065788F /* Project object */ = {
			isa = PBXProject;
			attributes = {
				LastUpgradeCheck = 0430;
			};
			buildConfigurationList = 1834D33115634A650065788F /* Build configuration list for PBXProject "BNote" */;
			compatibilityVersion = "Xcode 3.2";
			developmentRegion = English;
			hasScannedForEncodings = 0;
			knownRegions = (
				en,
			);
			mainGroup = 1834D32C15634A650065788F;
			productRefGroup = 1834D33815634A650065788F /* Products */;
			projectDirPath = "";
			projectRoot = "";
			targets = (
				1834D33615634A650065788F /* BNote */,
			);
		};
/* End PBXProject section */

/* Begin PBXResourcesBuildPhase section */
		1834D33515634A650065788F /* Resources */ = {
			isa = PBXResourcesBuildPhase;
			buildActionMask = 2147483647;
			files = (
				1834D34615634A650065788F /* InfoPlist.strings in Resources */,
				1834D35515634A650065788F /* MasterViewController.xib in Resources */,
				1834D35815634A650065788F /* DetailViewController.xib in Resources */,
				1834D383156364840065788F /* TopicEditorViewController.xib in Resources */,
				181968491569FB0700DA31A3 /* NoteEditorViewController.xib in Resources */,
				1819684E156A0AB200DA31A3 /* NoteViewController.xib in Resources */,
				18E9FF1D156B772D00F22272 /* action_item_active_icon.png in Resources */,
				18E9FF1E156B772D00F22272 /* action_item_icon.png in Resources */,
				18E9FF1F156B772D00F22272 /* attendees_active_icon.png in Resources */,
				18E9FF20156B772D00F22272 /* attendees_icon.png in Resources */,
				18E9FF21156B772D00F22272 /* decision_active_icon.png in Resources */,
				18E9FF22156B772D00F22272 /* decision_icon.png in Resources */,
				18E9FF23156B772D00F22272 /* question_active_icon.png in Resources */,
				18E9FF24156B772D00F22272 /* question_icon.png in Resources */,
				18E9FF27156C6D7E00F22272 /* key_point_active_icon.png in Resources */,
				18E9FF28156C6D7E00F22272 /* key_point_icon.png in Resources */,
				18E9FF34156C791800F22272 /* bnote.png in Resources */,
				18E9FF35156C791800F22272 /* note.png in Resources */,
				18E9FF39156C7A2400F22272 /* bnote-144.png in Resources */,
				18E9FF3B156C7C9600F22272 /* attendant_icon.png in Resources */,
				1879F05B15746E9A003814C2 /* DatePickerViewController.xib in Resources */,
				1879F06115747B18003814C2 /* QuickWordsViewController.xib in Resources */,
			);
			runOnlyForDeploymentPostprocessing = 0;
		};
/* End PBXResourcesBuildPhase section */

/* Begin PBXSourcesBuildPhase section */
		1834D33315634A650065788F /* Sources */ = {
			isa = PBXSourcesBuildPhase;
			buildActionMask = 2147483647;
			files = (
				1834D34815634A650065788F /* main.m in Sources */,
				1834D34C15634A650065788F /* AppDelegate.m in Sources */,
				1834D34F15634A650065788F /* MasterViewController.m in Sources */,
				1834D35215634A650065788F /* DetailViewController.m in Sources */,
				1834D37E156351640065788F /* TopicEditorViewController.m in Sources */,
				1834D397156372500065788F /* BNote.xcdatamodeld in Sources */,
				1834D3A7156375560065788F /* BNoteFactory.m in Sources */,
				1810692E15637A6A0018B03B /* BNoteReader.m in Sources */,
				1810693815638E9E0018B03B /* BNoteWriter.m in Sources */,
				18368F371564DBF200E511CB /* ButtonMetaData.m in Sources */,
				181967C21569E50100DA31A3 /* EntrySummariesTableViewController.m in Sources */,
				181968481569FB0700DA31A3 /* NoteEditorViewController.m in Sources */,
				1819684D156A0AB200DA31A3 /* NoteViewController.m in Sources */,
				18E9FF11156A343700F22272 /* LayerFormater.m in Sources */,
				18E9FF57156DCE4600F22272 /* BNoteStringUtils.m in Sources */,
				18E9FF5B156DE6A200F22272 /* BNoteSessionData.m in Sources */,
				18E9FF6A1571835600F22272 /* BNoteAnimation.m in Sources */,
				18E9FF6D15729EFA00F22272 /* NotesViewController.m in Sources */,
				1879F05A15746E9A003814C2 /* DatePickerViewController.m in Sources */,
				1879F06015747B18003814C2 /* QuickWordsViewController.m in Sources */,
				1879F06C1574B1BD003814C2 /* QuickWordButton.m in Sources */,
				1879F0721574BEE9003814C2 /* QuickWordsFactory.m in Sources */,
				1879F0781574CA12003814C2 /* DateQuickButton.m in Sources */,
				1879F09C1575C85A003814C2 /* ActionItemQuickButton.m in Sources */,
				1879F0A01575CA37003814C2 /* ActionItemMarkDone.m in Sources */,
				1879F0ED1575CF37003814C2 /* Topic.m in Sources */,
				1879F0F01575CF37003814C2 /* Entry.m in Sources */,
				1879F0F31575CF37003814C2 /* KeyPoint.m in Sources */,
				1879F0F91575CF37003814C2 /* Decision.m in Sources */,
				1879F0FC1575CF37003814C2 /* Email.m in Sources */,
				1879F0FF1575CF38003814C2 /* Attendant.m in Sources */,
				1879F1021575CF38003814C2 /* Note.m in Sources */,
				1879F1051575CF38003814C2 /* Phone.m in Sources */,
				1879F1081575CF38003814C2 /* Question.m in Sources */,
				1879F10B1575D803003814C2 /* QuestionQuickButton.m in Sources */,
				18A1DE5F1575F96A004A2022 /* AttendantQuickButton.m in Sources */,
				18A1DE621576027F004A2022 /* KeyPointButton.m in Sources */,
				18810E5F15770159002B59DA /* EntriesViewController.m in Sources */,
				18810E6815770E5C002B59DA /* EntryTableViewCell.m in Sources */,
				18070DE81578598C003486E3 /* ActionItem.m in Sources */,
				18070DEC15785C42003486E3 /* EntrySummaryTableViewCell.m in Sources */,
				18070DF015785FB2003486E3 /* IdentityFillter.m in Sources */,
				18070DF41578613F003486E3 /* KeyPointFilter.m in Sources */,
				18070DF7157861CA003486E3 /* ActionItemFilter.m in Sources */,
				18070DFA157861D9003486E3 /* ActionItemCompleteFilter.m in Sources */,
				18070DFD157861E6003486E3 /* ActionItemInCompleteFilter.m in Sources */,
				18070E00157861F6003486E3 /* QuestionFilter.m in Sources */,
				18070E031578620A003486E3 /* QuestionUnansweredFilter.m in Sources */,
				18070E0615786218003486E3 /* QuestionAnsweredFilter.m in Sources */,
				18070E091578623E003486E3 /* DecisionFilter.m in Sources */,
			);
			runOnlyForDeploymentPostprocessing = 0;
		};
/* End PBXSourcesBuildPhase section */

/* Begin PBXVariantGroup section */
		1834D34415634A650065788F /* InfoPlist.strings */ = {
			isa = PBXVariantGroup;
			children = (
				1834D34515634A650065788F /* en */,
			);
			name = InfoPlist.strings;
			sourceTree = "<group>";
		};
		1834D35315634A650065788F /* MasterViewController.xib */ = {
			isa = PBXVariantGroup;
			children = (
				1834D35415634A650065788F /* en */,
			);
			name = MasterViewController.xib;
			sourceTree = "<group>";
		};
		1834D35615634A650065788F /* DetailViewController.xib */ = {
			isa = PBXVariantGroup;
			children = (
				1834D35715634A650065788F /* en */,
			);
			name = DetailViewController.xib;
			sourceTree = "<group>";
		};
/* End PBXVariantGroup section */

/* Begin XCBuildConfiguration section */
		1834D35915634A650065788F /* Debug */ = {
			isa = XCBuildConfiguration;
			buildSettings = {
				ALWAYS_SEARCH_USER_PATHS = NO;
				ARCHS = "$(ARCHS_STANDARD_32_BIT)";
				CLANG_ENABLE_OBJC_ARC = YES;
				"CODE_SIGN_IDENTITY[sdk=iphoneos*]" = "iPhone Developer";
				COPY_PHASE_STRIP = NO;
				GCC_C_LANGUAGE_STANDARD = gnu99;
				GCC_DYNAMIC_NO_PIC = NO;
				GCC_OPTIMIZATION_LEVEL = 0;
				GCC_PREPROCESSOR_DEFINITIONS = (
					"DEBUG=1",
					"$(inherited)",
				);
				GCC_SYMBOLS_PRIVATE_EXTERN = NO;
				GCC_VERSION = com.apple.compilers.llvm.clang.1_0;
				GCC_WARN_ABOUT_RETURN_TYPE = YES;
				GCC_WARN_UNINITIALIZED_AUTOS = YES;
				GCC_WARN_UNUSED_VARIABLE = YES;
				IPHONEOS_DEPLOYMENT_TARGET = 5.1;
				SDKROOT = iphoneos;
				TARGETED_DEVICE_FAMILY = 2;
			};
			name = Debug;
		};
		1834D35A15634A650065788F /* Release */ = {
			isa = XCBuildConfiguration;
			buildSettings = {
				ALWAYS_SEARCH_USER_PATHS = NO;
				ARCHS = "$(ARCHS_STANDARD_32_BIT)";
				CLANG_ENABLE_OBJC_ARC = YES;
				"CODE_SIGN_IDENTITY[sdk=iphoneos*]" = "iPhone Developer";
				COPY_PHASE_STRIP = YES;
				GCC_C_LANGUAGE_STANDARD = gnu99;
				GCC_VERSION = com.apple.compilers.llvm.clang.1_0;
				GCC_WARN_ABOUT_RETURN_TYPE = YES;
				GCC_WARN_UNINITIALIZED_AUTOS = YES;
				GCC_WARN_UNUSED_VARIABLE = YES;
				IPHONEOS_DEPLOYMENT_TARGET = 5.1;
				OTHER_CFLAGS = "-DNS_BLOCK_ASSERTIONS=1";
				SDKROOT = iphoneos;
				TARGETED_DEVICE_FAMILY = 2;
				VALIDATE_PRODUCT = YES;
			};
			name = Release;
		};
		1834D35C15634A650065788F /* Debug */ = {
			isa = XCBuildConfiguration;
			buildSettings = {
				GCC_PRECOMPILE_PREFIX_HEADER = YES;
				GCC_PREFIX_HEADER = "BNote/BNote-Prefix.pch";
				INFOPLIST_FILE = "BNote/BNote-Info.plist";
				IPHONEOS_DEPLOYMENT_TARGET = 5.1;
				PRODUCT_NAME = "$(TARGET_NAME)";
				WRAPPER_EXTENSION = app;
			};
			name = Debug;
		};
		1834D35D15634A650065788F /* Release */ = {
			isa = XCBuildConfiguration;
			buildSettings = {
				GCC_PRECOMPILE_PREFIX_HEADER = YES;
				GCC_PREFIX_HEADER = "BNote/BNote-Prefix.pch";
				INFOPLIST_FILE = "BNote/BNote-Info.plist";
				IPHONEOS_DEPLOYMENT_TARGET = 5.1;
				PRODUCT_NAME = "$(TARGET_NAME)";
				WRAPPER_EXTENSION = app;
			};
			name = Release;
		};
/* End XCBuildConfiguration section */

/* Begin XCConfigurationList section */
		1834D33115634A650065788F /* Build configuration list for PBXProject "BNote" */ = {
			isa = XCConfigurationList;
			buildConfigurations = (
				1834D35915634A650065788F /* Debug */,
				1834D35A15634A650065788F /* Release */,
			);
			defaultConfigurationIsVisible = 0;
			defaultConfigurationName = Release;
		};
		1834D35B15634A650065788F /* Build configuration list for PBXNativeTarget "BNote" */ = {
			isa = XCConfigurationList;
			buildConfigurations = (
				1834D35C15634A650065788F /* Debug */,
				1834D35D15634A650065788F /* Release */,
			);
			defaultConfigurationIsVisible = 0;
			defaultConfigurationName = Release;
		};
/* End XCConfigurationList section */

/* Begin XCVersionGroup section */
		1834D395156372500065788F /* BNote.xcdatamodeld */ = {
			isa = XCVersionGroup;
			children = (
				1834D396156372500065788F /* BNote.xcdatamodel */,
			);
			currentVersion = 1834D396156372500065788F /* BNote.xcdatamodel */;
			path = BNote.xcdatamodeld;
			sourceTree = "<group>";
			versionGroupType = wrapper.xcdatamodel;
		};
/* End XCVersionGroup section */
	};
	rootObject = 1834D32E15634A650065788F /* Project object */;
}
